// !$*UTF8*$!
{
	archiveVersion = 1;
	classes = {
	};
	objectVersion = 46;
	objects = {

/* Begin PBXGroup section */
		934E7ABB1316BD850077C68A = {
			isa = PBXGroup;
			children = (
			);
			sourceTree = "<group>";
		};
/* End PBXGroup section */

/* Begin PBXLegacyTarget section */
		932A63891316C09200071AD4 /* RASPA install */ = {
			isa = PBXLegacyTarget;
			buildArgumentsString = install;
			buildConfigurationList = 932A638A1316C09200071AD4 /* Build configuration list for PBXLegacyTarget "RASPA install" */;
			buildPhases = (
			);
			buildToolPath = /usr/bin/make;
			buildWorkingDirectory = "";
			dependencies = (
			);
			name = "RASPA install";
			passBuildSettingsInEnvironment = 1;
			productName = RASPA;
		};
		934E7AC21316BD850077C68A /* RASPA */ = {
			isa = PBXLegacyTarget;
			buildArgumentsString = "$(ACTION)";
			buildConfigurationList = 934E7AC51316BD850077C68A /* Build configuration list for PBXLegacyTarget "RASPA" */;
			buildPhases = (
			);
			buildToolPath = /usr/bin/make;
			dependencies = (
			);
			name = RASPA;
			passBuildSettingsInEnvironment = 1;
			productName = RASPA;
		};
/* End PBXLegacyTarget section */

/* Begin PBXProject section */
		934E7ABD1316BD850077C68A /* Project object */ = {
			isa = PBXProject;
			buildConfigurationList = 934E7AC01316BD850077C68A /* Build configuration list for PBXProject "RASPA" */;
			compatibilityVersion = "Xcode 3.2";
			developmentRegion = English;
			hasScannedForEncodings = 0;
			knownRegions = (
				en,
			);
			mainGroup = 934E7ABB1316BD850077C68A;
			projectDirPath = "";
			projectRoot = "";
			targets = (
				934E7AC21316BD850077C68A /* RASPA */,
				932A63891316C09200071AD4 /* RASPA install */,
			);
		};
/* End PBXProject section */

/* Begin XCBuildConfiguration section */
		932A638B1316C09200071AD4 /* Debug */ = {
			isa = XCBuildConfiguration;
			buildSettings = {
				ALWAYS_SEARCH_USER_PATHS = NO;
				COPY_PHASE_STRIP = NO;
				DEBUGGING_SYMBOLS = YES;
				GCC_DYNAMIC_NO_PIC = NO;
				GCC_ENABLE_OBJC_EXCEPTIONS = YES;
				GCC_GENERATE_DEBUGGING_SYMBOLS = YES;
				GCC_OPTIMIZATION_LEVEL = 0;
				OTHER_CFLAGS = "";
				OTHER_LDFLAGS = "";
				PRODUCT_NAME = "RASPA copy";
			};
			name = Debug;
		};
		932A638C1316C09200071AD4 /* Release */ = {
			isa = XCBuildConfiguration;
			buildSettings = {
				ALWAYS_SEARCH_USER_PATHS = NO;
				COPY_PHASE_STRIP = YES;
				DEBUG_INFORMATION_FORMAT = "dwarf-with-dsym";
				GCC_ENABLE_OBJC_EXCEPTIONS = YES;
				OTHER_CFLAGS = "";
				OTHER_LDFLAGS = "";
				PRODUCT_NAME = "RASPA copy";
			};
			name = Release;
		};
		934E7AC31316BD850077C68A /* Debug */ = {
			isa = XCBuildConfiguration;
			buildSettings = {
				ARCHS = "$(ARCHS_STANDARD_32_64_BIT)";
				GCC_C_LANGUAGE_STANDARD = gnu99;
				GCC_OPTIMIZATION_LEVEL = 0;
				GCC_PREPROCESSOR_DEFINITIONS = DEBUG;
				GCC_VERSION = com.apple.compilers.llvm.clang.1_0;
				GCC_WARN_64_TO_32_BIT_CONVERSION = YES;
				GCC_WARN_ABOUT_RETURN_TYPE = YES;
				GCC_WARN_UNUSED_VARIABLE = YES;
				MACOSX_DEPLOYMENT_TARGET = 10.6;
				ONLY_ACTIVE_ARCH = YES;
				SDKROOT = macosx;
			};
			name = Debug;
		};
		934E7AC41316BD850077C68A /* Release */ = {
			isa = XCBuildConfiguration;
			buildSettings = {
				ARCHS = "$(ARCHS_STANDARD_32_64_BIT)";
				GCC_C_LANGUAGE_STANDARD = gnu99;
				GCC_VERSION = com.apple.compilers.llvm.clang.1_0;
				GCC_WARN_64_TO_32_BIT_CONVERSION = YES;
				GCC_WARN_ABOUT_RETURN_TYPE = YES;
				GCC_WARN_UNUSED_VARIABLE = YES;
				MACOSX_DEPLOYMENT_TARGET = 10.6;
				SDKROOT = macosx;
			};
			name = Release;
		};
		934E7AC61316BD850077C68A /* Debug */ = {
			isa = XCBuildConfiguration;
			buildSettings = {
				ALWAYS_SEARCH_USER_PATHS = NO;
				COPY_PHASE_STRIP = NO;
				DEBUGGING_SYMBOLS = YES;
				GCC_DYNAMIC_NO_PIC = NO;
				GCC_ENABLE_OBJC_EXCEPTIONS = YES;
				GCC_GENERATE_DEBUGGING_SYMBOLS = YES;
				GCC_OPTIMIZATION_LEVEL = 0;
				OTHER_CFLAGS = "";
				OTHER_LDFLAGS = "";
				PRODUCT_NAME = "$(TARGET_NAME)";
			};
			name = Debug;
		};
		934E7AC71316BD850077C68A /* Release */ = {
			isa = XCBuildConfiguration;
			buildSettings = {
				ALWAYS_SEARCH_USER_PATHS = NO;
				COPY_PHASE_STRIP = YES;
				DEBUG_INFORMATION_FORMAT = "dwarf-with-dsym";
				GCC_ENABLE_OBJC_EXCEPTIONS = YES;
				OTHER_CFLAGS = "";
				OTHER_LDFLAGS = "";
				PRODUCT_NAME = "$(TARGET_NAME)";
			};
			name = Release;
		};
/* End XCBuildConfiguration section */

/* Begin XCConfigurationList section */
		932A638A1316C09200071AD4 /* Build configuration list for PBXLegacyTarget "RASPA install" */ = {
			isa = XCConfigurationList;
			buildConfigurations = (
				932A638B1316C09200071AD4 /* Debug */,
				932A638C1316C09200071AD4 /* Release */,
			);
			defaultConfigurationIsVisible = 0;
			defaultConfigurationName = Release;
		};
		934E7AC01316BD850077C68A /* Build configuration list for PBXProject "RASPA" */ = {
			isa = XCConfigurationList;
			buildConfigurations = (
				934E7AC31316BD850077C68A /* Debug */,
				934E7AC41316BD850077C68A /* Release */,
			);
			defaultConfigurationIsVisible = 0;
			defaultConfigurationName = Release;
		};
		934E7AC51316BD850077C68A /* Build configuration list for PBXLegacyTarget "RASPA" */ = {
			isa = XCConfigurationList;
			buildConfigurations = (
				934E7AC61316BD850077C68A /* Debug */,
				934E7AC71316BD850077C68A /* Release */,
			);
			defaultConfigurationIsVisible = 0;
			defaultConfigurationName = Release;
		};
/* End XCConfigurationList section */
	};
	rootObject = 934E7ABD1316BD850077C68A /* Project object */;
}
